
Microsoft Visual Studio Solution File, Format Version 12.00
# Visual Studio Version 16
VisualStudioVersion = 16.0.29613.14
MinimumVisualStudioVersion = 10.0.40219.1
Project("{9A19103F-16F7-4668-BE54-9A1E7A4F7556}") = "AzureDevOpsTrainingConsole", "AzureDevOpsTrainingConsole\AzureDevOpsTrainingConsole.csproj", "{F3C2336F-593E-4237-9542-F86B74D38157}"
EndProject
Project("{FAE04EC0-301F-11D3-BF4B-00C04F79EFBC}") = "DataManager", "DataManager\DataManager.csproj", "{5F2911D4-7D26-46D6-8BD2-20C64D864B19}"
EndProject
Global
	GlobalSection(SolutionConfigurationPlatforms) = preSolution
		Debug|Any CPU = Debug|Any CPU
		Release|Any CPU = Release|Any CPU
	EndGlobalSection
	GlobalSection(ProjectConfigurationPlatforms) = postSolution
		{F3C2336F-593E-4237-9542-F86B74D38157}.Debug|Any CPU.ActiveCfg = Debug|Any CPU
		{F3C2336F-593E-4237-9542-F86B74D38157}.Debug|Any CPU.Build.0 = Debug|Any CPU
		{F3C2336F-593E-4237-9542-F86B74D38157}.Release|Any CPU.ActiveCfg = Release|Any CPU
		{F3C2336F-593E-4237-9542-F86B74D38157}.Release|Any CPU.Build.0 = Release|Any CPU
		{5F2911D4-7D26-46D6-8BD2-20C64D864B19}.Debug|Any CPU.ActiveCfg = Debug|Any CPU
		{5F2911D4-7D26-46D6-8BD2-20C64D864B19}.Debug|Any CPU.Build.0 = Debug|Any CPU
		{5F2911D4-7D26-46D6-8BD2-20C64D864B19}.Release|Any CPU.ActiveCfg = Release|Any CPU
		{5F2911D4-7D26-46D6-8BD2-20C64D864B19}.Release|Any CPU.Build.0 = Release|Any CPU
	EndGlobalSection
	GlobalSection(SolutionProperties) = preSolution
		HideSolutionNode = FALSE
	EndGlobalSection
	GlobalSection(ExtensibilityGlobals) = postSolution
		SolutionGuid = {3ECBDB70-ABC1-4A35-A336-47343C35A5B0}
	EndGlobalSection
EndGlobal
